
Microsoft Visual Studio Solution File, Format Version 12.00
# Visual Studio 2017
Project("{FAE04EC0-301F-11D3-BF4B-00C04F79EFBC}") = "Unity Demo Game.Plugins", "Unity Demo Game.Plugins.csproj", "{555D3082-09CB-D68C-592E-98001D0661B2}"
EndProject
Project("{FAE04EC0-301F-11D3-BF4B-00C04F79EFBC}") = "Unity Demo Game.Editor.Plugins", "Unity Demo Game.Editor.Plugins.csproj", "{18A65564-EAA8-B536-5E5C-1000C4B530E4}"
EndProject
Global
	GlobalSection(SolutionConfigurationPlatforms) = preSolution
		Debug|Any CPU = Debug|Any CPU
		Release|Any CPU = Release|Any CPU
	EndGlobalSection
	GlobalSection(ProjectConfigurationPlatforms) = postSolution
		{555D3082-09CB-D68C-592E-98001D0661B2}.Debug|Any CPU.ActiveCfg = Debug|Any CPU
		{555D3082-09CB-D68C-592E-98001D0661B2}.Debug|Any CPU.Build.0 = Debug|Any CPU
		{555D3082-09CB-D68C-592E-98001D0661B2}.Release|Any CPU.ActiveCfg = Release|Any CPU
		{555D3082-09CB-D68C-592E-98001D0661B2}.Release|Any CPU.Build.0 = Release|Any CPU
		{18A65564-EAA8-B536-5E5C-1000C4B530E4}.Debug|Any CPU.ActiveCfg = Debug|Any CPU
		{18A65564-EAA8-B536-5E5C-1000C4B530E4}.Debug|Any CPU.Build.0 = Debug|Any CPU
		{18A65564-EAA8-B536-5E5C-1000C4B530E4}.Release|Any CPU.ActiveCfg = Release|Any CPU
		{18A65564-EAA8-B536-5E5C-1000C4B530E4}.Release|Any CPU.Build.0 = Release|Any CPU
	EndGlobalSection
	GlobalSection(SolutionProperties) = preSolution
		HideSolutionNode = FALSE
	EndGlobalSection
EndGlobal
